
Microsoft Visual Studio Solution File, Format Version 12.00
# Visual Studio Version 16
VisualStudioVersion = 16.0.29025.244
MinimumVisualStudioVersion = 10.0.40219.1
Project("{FAE04EC0-301F-11D3-BF4B-00C04F79EFBC}") = "Substring", "Substring\Substring.csproj", "{DBD56061-984C-4EFD-8A6B-8D1C7747E008}"
EndProject
Global
	GlobalSection(SolutionConfigurationPlatforms) = preSolution
		Debug|Any CPU = Debug|Any CPU
		Release|Any CPU = Release|Any CPU
	EndGlobalSection
	GlobalSection(ProjectConfigurationPlatforms) = postSolution
		{DBD56061-984C-4EFD-8A6B-8D1C7747E008}.Debug|Any CPU.ActiveCfg = Debug|Any CPU
		{DBD56061-984C-4EFD-8A6B-8D1C7747E008}.Debug|Any CPU.Build.0 = Debug|Any CPU
		{DBD56061-984C-4EFD-8A6B-8D1C7747E008}.Release|Any CPU.ActiveCfg = Release|Any CPU
		{DBD56061-984C-4EFD-8A6B-8D1C7747E008}.Release|Any CPU.Build.0 = Release|Any CPU
	EndGlobalSection
	GlobalSection(SolutionProperties) = preSolution
		HideSolutionNode = FALSE
	EndGlobalSection
	GlobalSection(ExtensibilityGlobals) = postSolution
		SolutionGuid = {57066913-B4D4-49FF-B050-12ABC438EA64}
	EndGlobalSection
EndGlobal
