
Microsoft Visual Studio Solution File, Format Version 12.00
# Visual Studio Version 16
VisualStudioVersion = 16.0.29025.244
MinimumVisualStudioVersion = 10.0.40219.1
Project("{FAE04EC0-301F-11D3-BF4B-00C04F79EFBC}") = "WriteStream", "WriteStream\WriteStream.csproj", "{F021EF42-047F-455B-BC0F-AD66577ABFE1}"
EndProject
Global
	GlobalSection(SolutionConfigurationPlatforms) = preSolution
		Debug|Any CPU = Debug|Any CPU
		Release|Any CPU = Release|Any CPU
	EndGlobalSection
	GlobalSection(ProjectConfigurationPlatforms) = postSolution
		{F021EF42-047F-455B-BC0F-AD66577ABFE1}.Debug|Any CPU.ActiveCfg = Debug|Any CPU
		{F021EF42-047F-455B-BC0F-AD66577ABFE1}.Debug|Any CPU.Build.0 = Debug|Any CPU
		{F021EF42-047F-455B-BC0F-AD66577ABFE1}.Release|Any CPU.ActiveCfg = Release|Any CPU
		{F021EF42-047F-455B-BC0F-AD66577ABFE1}.Release|Any CPU.Build.0 = Release|Any CPU
	EndGlobalSection
	GlobalSection(SolutionProperties) = preSolution
		HideSolutionNode = FALSE
	EndGlobalSection
	GlobalSection(ExtensibilityGlobals) = postSolution
		SolutionGuid = {C19D6CDA-156E-4D9A-A278-C326801656DE}
	EndGlobalSection
EndGlobal
