
Microsoft Visual Studio Solution File, Format Version 12.00
# Visual Studio Version 16
VisualStudioVersion = 16.0.29306.81
MinimumVisualStudioVersion = 10.0.40219.1
Project("{FAE04EC0-301F-11D3-BF4B-00C04F79EFBC}") = "Debugging", "Debugging\Debugging.csproj", "{B55889FA-ACC1-4310-8AAE-5128C27FDB27}"
EndProject
Global
	GlobalSection(SolutionConfigurationPlatforms) = preSolution
		Debug|Any CPU = Debug|Any CPU
		Release|Any CPU = Release|Any CPU
	EndGlobalSection
	GlobalSection(ProjectConfigurationPlatforms) = postSolution
		{B55889FA-ACC1-4310-8AAE-5128C27FDB27}.Debug|Any CPU.ActiveCfg = Debug|Any CPU
		{B55889FA-ACC1-4310-8AAE-5128C27FDB27}.Debug|Any CPU.Build.0 = Debug|Any CPU
		{B55889FA-ACC1-4310-8AAE-5128C27FDB27}.Release|Any CPU.ActiveCfg = Release|Any CPU
		{B55889FA-ACC1-4310-8AAE-5128C27FDB27}.Release|Any CPU.Build.0 = Release|Any CPU
	EndGlobalSection
	GlobalSection(SolutionProperties) = preSolution
		HideSolutionNode = FALSE
	EndGlobalSection
	GlobalSection(ExtensibilityGlobals) = postSolution
		SolutionGuid = {56E550F6-AA96-4DAD-9CAA-70535E2A56E8}
	EndGlobalSection
EndGlobal
