
Microsoft Visual Studio Solution File, Format Version 12.00
# Visual Studio Version 16
VisualStudioVersion = 16.0.29025.244
MinimumVisualStudioVersion = 10.0.40219.1
Project("{FAE04EC0-301F-11D3-BF4B-00C04F79EFBC}") = "ForLoop", "ForLoop\ForLoop.csproj", "{B8B9EFB8-97A6-46AF-8BF5-CEAE8C51F228}"
EndProject
Global
	GlobalSection(SolutionConfigurationPlatforms) = preSolution
		Debug|Any CPU = Debug|Any CPU
		Release|Any CPU = Release|Any CPU
	EndGlobalSection
	GlobalSection(ProjectConfigurationPlatforms) = postSolution
		{B8B9EFB8-97A6-46AF-8BF5-CEAE8C51F228}.Debug|Any CPU.ActiveCfg = Debug|Any CPU
		{B8B9EFB8-97A6-46AF-8BF5-CEAE8C51F228}.Debug|Any CPU.Build.0 = Debug|Any CPU
		{B8B9EFB8-97A6-46AF-8BF5-CEAE8C51F228}.Release|Any CPU.ActiveCfg = Release|Any CPU
		{B8B9EFB8-97A6-46AF-8BF5-CEAE8C51F228}.Release|Any CPU.Build.0 = Release|Any CPU
	EndGlobalSection
	GlobalSection(SolutionProperties) = preSolution
		HideSolutionNode = FALSE
	EndGlobalSection
	GlobalSection(ExtensibilityGlobals) = postSolution
		SolutionGuid = {23906B3E-1157-43B8-9A05-D072AA6028F4}
	EndGlobalSection
EndGlobal
