
Microsoft Visual Studio Solution File, Format Version 12.00
# Visual Studio Version 16
VisualStudioVersion = 16.0.29025.244
MinimumVisualStudioVersion = 10.0.40219.1
Project("{FAE04EC0-301F-11D3-BF4B-00C04F79EFBC}") = "Assign", "Assign\Assign.csproj", "{05D9B6A8-7F83-4F67-81B0-CF9C7AED591C}"
EndProject
Global
	GlobalSection(SolutionConfigurationPlatforms) = preSolution
		Debug|Any CPU = Debug|Any CPU
		Release|Any CPU = Release|Any CPU
	EndGlobalSection
	GlobalSection(ProjectConfigurationPlatforms) = postSolution
		{05D9B6A8-7F83-4F67-81B0-CF9C7AED591C}.Debug|Any CPU.ActiveCfg = Debug|Any CPU
		{05D9B6A8-7F83-4F67-81B0-CF9C7AED591C}.Debug|Any CPU.Build.0 = Debug|Any CPU
		{05D9B6A8-7F83-4F67-81B0-CF9C7AED591C}.Release|Any CPU.ActiveCfg = Release|Any CPU
		{05D9B6A8-7F83-4F67-81B0-CF9C7AED591C}.Release|Any CPU.Build.0 = Release|Any CPU
	EndGlobalSection
	GlobalSection(SolutionProperties) = preSolution
		HideSolutionNode = FALSE
	EndGlobalSection
	GlobalSection(ExtensibilityGlobals) = postSolution
		SolutionGuid = {C964881A-7B8A-45CB-94F0-C9FCAC318395}
	EndGlobalSection
EndGlobal
