
Microsoft Visual Studio Solution File, Format Version 12.00
# Visual Studio Version 16
VisualStudioVersion = 16.0.29025.244
MinimumVisualStudioVersion = 10.0.40219.1
Project("{FAE04EC0-301F-11D3-BF4B-00C04F79EFBC}") = "Array_Manipulation", "Array_Manipulation\Array_Manipulation.csproj", "{F1C12205-5CC5-4BD7-9808-94F0A463160F}"
EndProject
Global
	GlobalSection(SolutionConfigurationPlatforms) = preSolution
		Debug|Any CPU = Debug|Any CPU
		Release|Any CPU = Release|Any CPU
	EndGlobalSection
	GlobalSection(ProjectConfigurationPlatforms) = postSolution
		{F1C12205-5CC5-4BD7-9808-94F0A463160F}.Debug|Any CPU.ActiveCfg = Debug|Any CPU
		{F1C12205-5CC5-4BD7-9808-94F0A463160F}.Debug|Any CPU.Build.0 = Debug|Any CPU
		{F1C12205-5CC5-4BD7-9808-94F0A463160F}.Release|Any CPU.ActiveCfg = Release|Any CPU
		{F1C12205-5CC5-4BD7-9808-94F0A463160F}.Release|Any CPU.Build.0 = Release|Any CPU
	EndGlobalSection
	GlobalSection(SolutionProperties) = preSolution
		HideSolutionNode = FALSE
	EndGlobalSection
	GlobalSection(ExtensibilityGlobals) = postSolution
		SolutionGuid = {CC2FC577-06AF-4C60-BF30-8542E24DB203}
	EndGlobalSection
EndGlobal
