
Microsoft Visual Studio Solution File, Format Version 12.00
# Visual Studio Version 16
VisualStudioVersion = 16.0.29025.244
MinimumVisualStudioVersion = 10.0.40219.1
Project("{FAE04EC0-301F-11D3-BF4B-00C04F79EFBC}") = "KeyValue", "KeyValue\KeyValue.csproj", "{53B0A079-E987-46CB-8667-CC85CEBDF009}"
EndProject
Global
	GlobalSection(SolutionConfigurationPlatforms) = preSolution
		Debug|Any CPU = Debug|Any CPU
		Release|Any CPU = Release|Any CPU
	EndGlobalSection
	GlobalSection(ProjectConfigurationPlatforms) = postSolution
		{53B0A079-E987-46CB-8667-CC85CEBDF009}.Debug|Any CPU.ActiveCfg = Debug|Any CPU
		{53B0A079-E987-46CB-8667-CC85CEBDF009}.Debug|Any CPU.Build.0 = Debug|Any CPU
		{53B0A079-E987-46CB-8667-CC85CEBDF009}.Release|Any CPU.ActiveCfg = Release|Any CPU
		{53B0A079-E987-46CB-8667-CC85CEBDF009}.Release|Any CPU.Build.0 = Release|Any CPU
	EndGlobalSection
	GlobalSection(SolutionProperties) = preSolution
		HideSolutionNode = FALSE
	EndGlobalSection
	GlobalSection(ExtensibilityGlobals) = postSolution
		SolutionGuid = {D0161E73-4E59-4A0D-A6F3-7687D8E7FB15}
	EndGlobalSection
EndGlobal
