
Microsoft Visual Studio Solution File, Format Version 12.00
# Visual Studio Version 16
VisualStudioVersion = 16.0.29025.244
MinimumVisualStudioVersion = 10.0.40219.1
Project("{FAE04EC0-301F-11D3-BF4B-00C04F79EFBC}") = "Manipulate", "Manipulate\Manipulate.csproj", "{F8C75062-6669-48E8-A1B0-1D4F9FFE0CE5}"
EndProject
Global
	GlobalSection(SolutionConfigurationPlatforms) = preSolution
		Debug|Any CPU = Debug|Any CPU
		Release|Any CPU = Release|Any CPU
	EndGlobalSection
	GlobalSection(ProjectConfigurationPlatforms) = postSolution
		{F8C75062-6669-48E8-A1B0-1D4F9FFE0CE5}.Debug|Any CPU.ActiveCfg = Debug|Any CPU
		{F8C75062-6669-48E8-A1B0-1D4F9FFE0CE5}.Debug|Any CPU.Build.0 = Debug|Any CPU
		{F8C75062-6669-48E8-A1B0-1D4F9FFE0CE5}.Release|Any CPU.ActiveCfg = Release|Any CPU
		{F8C75062-6669-48E8-A1B0-1D4F9FFE0CE5}.Release|Any CPU.Build.0 = Release|Any CPU
	EndGlobalSection
	GlobalSection(SolutionProperties) = preSolution
		HideSolutionNode = FALSE
	EndGlobalSection
	GlobalSection(ExtensibilityGlobals) = postSolution
		SolutionGuid = {8F197F4D-49AF-408A-8501-FBDA75C07FD4}
	EndGlobalSection
EndGlobal
