
Microsoft Visual Studio Solution File, Format Version 12.00
# Visual Studio Version 16
VisualStudioVersion = 16.0.29306.81
MinimumVisualStudioVersion = 10.0.40219.1
Project("{FAE04EC0-301F-11D3-BF4B-00C04F79EFBC}") = "ImportingAudio", "ImportingAudio\ImportingAudio.csproj", "{FE7F27D4-8E64-414C-91F8-FE23227ACF39}"
EndProject
Global
	GlobalSection(SolutionConfigurationPlatforms) = preSolution
		Debug|Any CPU = Debug|Any CPU
		Release|Any CPU = Release|Any CPU
	EndGlobalSection
	GlobalSection(ProjectConfigurationPlatforms) = postSolution
		{FE7F27D4-8E64-414C-91F8-FE23227ACF39}.Debug|Any CPU.ActiveCfg = Debug|Any CPU
		{FE7F27D4-8E64-414C-91F8-FE23227ACF39}.Debug|Any CPU.Build.0 = Debug|Any CPU
		{FE7F27D4-8E64-414C-91F8-FE23227ACF39}.Release|Any CPU.ActiveCfg = Release|Any CPU
		{FE7F27D4-8E64-414C-91F8-FE23227ACF39}.Release|Any CPU.Build.0 = Release|Any CPU
	EndGlobalSection
	GlobalSection(SolutionProperties) = preSolution
		HideSolutionNode = FALSE
	EndGlobalSection
	GlobalSection(ExtensibilityGlobals) = postSolution
		SolutionGuid = {3D33909A-20D8-4CF6-BEE0-BC1B88A1EC55}
	EndGlobalSection
EndGlobal
