
Microsoft Visual Studio Solution File, Format Version 12.00
# Visual Studio Version 16
VisualStudioVersion = 16.0.29025.244
MinimumVisualStudioVersion = 10.0.40219.1
Project("{FAE04EC0-301F-11D3-BF4B-00C04F79EFBC}") = "Joined", "Joined\Joined.csproj", "{33C5CC8B-4E72-494F-9B93-4AE9218DEACF}"
EndProject
Global
	GlobalSection(SolutionConfigurationPlatforms) = preSolution
		Debug|Any CPU = Debug|Any CPU
		Release|Any CPU = Release|Any CPU
	EndGlobalSection
	GlobalSection(ProjectConfigurationPlatforms) = postSolution
		{33C5CC8B-4E72-494F-9B93-4AE9218DEACF}.Debug|Any CPU.ActiveCfg = Debug|Any CPU
		{33C5CC8B-4E72-494F-9B93-4AE9218DEACF}.Debug|Any CPU.Build.0 = Debug|Any CPU
		{33C5CC8B-4E72-494F-9B93-4AE9218DEACF}.Release|Any CPU.ActiveCfg = Release|Any CPU
		{33C5CC8B-4E72-494F-9B93-4AE9218DEACF}.Release|Any CPU.Build.0 = Release|Any CPU
	EndGlobalSection
	GlobalSection(SolutionProperties) = preSolution
		HideSolutionNode = FALSE
	EndGlobalSection
	GlobalSection(ExtensibilityGlobals) = postSolution
		SolutionGuid = {839EF7B1-0D60-4870-8F4E-05554F299B6D}
	EndGlobalSection
EndGlobal
