
Microsoft Visual Studio Solution File, Format Version 12.00
# Visual Studio Version 16
VisualStudioVersion = 16.0.29025.244
MinimumVisualStudioVersion = 10.0.40219.1
Project("{FAE04EC0-301F-11D3-BF4B-00C04F79EFBC}") = "Copied", "Copied\Copied.csproj", "{93015794-FC0D-48BB-BFB8-C2E554CDFBD7}"
EndProject
Global
	GlobalSection(SolutionConfigurationPlatforms) = preSolution
		Debug|Any CPU = Debug|Any CPU
		Release|Any CPU = Release|Any CPU
	EndGlobalSection
	GlobalSection(ProjectConfigurationPlatforms) = postSolution
		{93015794-FC0D-48BB-BFB8-C2E554CDFBD7}.Debug|Any CPU.ActiveCfg = Debug|Any CPU
		{93015794-FC0D-48BB-BFB8-C2E554CDFBD7}.Debug|Any CPU.Build.0 = Debug|Any CPU
		{93015794-FC0D-48BB-BFB8-C2E554CDFBD7}.Release|Any CPU.ActiveCfg = Release|Any CPU
		{93015794-FC0D-48BB-BFB8-C2E554CDFBD7}.Release|Any CPU.Build.0 = Release|Any CPU
	EndGlobalSection
	GlobalSection(SolutionProperties) = preSolution
		HideSolutionNode = FALSE
	EndGlobalSection
	GlobalSection(ExtensibilityGlobals) = postSolution
		SolutionGuid = {BE418965-C891-4D70-B605-275A5D776900}
	EndGlobalSection
EndGlobal
