
Microsoft Visual Studio Solution File, Format Version 12.00
# Visual Studio Version 16
VisualStudioVersion = 16.0.29306.81
MinimumVisualStudioVersion = 10.0.40219.1
Project("{FAE04EC0-301F-11D3-BF4B-00C04F79EFBC}") = "Partial_Classes", "Partial_Classes\Partial_Classes.csproj", "{2164665F-8BB9-45F4-907E-6F567291CA4C}"
EndProject
Global
	GlobalSection(SolutionConfigurationPlatforms) = preSolution
		Debug|Any CPU = Debug|Any CPU
		Release|Any CPU = Release|Any CPU
	EndGlobalSection
	GlobalSection(ProjectConfigurationPlatforms) = postSolution
		{2164665F-8BB9-45F4-907E-6F567291CA4C}.Debug|Any CPU.ActiveCfg = Debug|Any CPU
		{2164665F-8BB9-45F4-907E-6F567291CA4C}.Debug|Any CPU.Build.0 = Debug|Any CPU
		{2164665F-8BB9-45F4-907E-6F567291CA4C}.Release|Any CPU.ActiveCfg = Release|Any CPU
		{2164665F-8BB9-45F4-907E-6F567291CA4C}.Release|Any CPU.Build.0 = Release|Any CPU
	EndGlobalSection
	GlobalSection(SolutionProperties) = preSolution
		HideSolutionNode = FALSE
	EndGlobalSection
	GlobalSection(ExtensibilityGlobals) = postSolution
		SolutionGuid = {41FD63DF-B2E2-4298-BFEB-7C67A20E3BF5}
	EndGlobalSection
EndGlobal
