
Microsoft Visual Studio Solution File, Format Version 12.00
# Visual Studio Version 16
VisualStudioVersion = 16.0.29025.244
MinimumVisualStudioVersion = 10.0.40219.1
Project("{FAE04EC0-301F-11D3-BF4B-00C04F79EFBC}") = "Constant", "Constant\Constant.csproj", "{748C5C49-B64C-45FC-80EA-8E663FF9874A}"
EndProject
Global
	GlobalSection(SolutionConfigurationPlatforms) = preSolution
		Debug|Any CPU = Debug|Any CPU
		Release|Any CPU = Release|Any CPU
	EndGlobalSection
	GlobalSection(ProjectConfigurationPlatforms) = postSolution
		{748C5C49-B64C-45FC-80EA-8E663FF9874A}.Debug|Any CPU.ActiveCfg = Debug|Any CPU
		{748C5C49-B64C-45FC-80EA-8E663FF9874A}.Debug|Any CPU.Build.0 = Debug|Any CPU
		{748C5C49-B64C-45FC-80EA-8E663FF9874A}.Release|Any CPU.ActiveCfg = Release|Any CPU
		{748C5C49-B64C-45FC-80EA-8E663FF9874A}.Release|Any CPU.Build.0 = Release|Any CPU
	EndGlobalSection
	GlobalSection(SolutionProperties) = preSolution
		HideSolutionNode = FALSE
	EndGlobalSection
	GlobalSection(ExtensibilityGlobals) = postSolution
		SolutionGuid = {835E21AA-E837-42C1-BDBD-06967B0AA4BB}
	EndGlobalSection
EndGlobal
