
Microsoft Visual Studio Solution File, Format Version 12.00
# Visual Studio Version 16
VisualStudioVersion = 16.0.29306.81
MinimumVisualStudioVersion = 10.0.40219.1
Project("{FAE04EC0-301F-11D3-BF4B-00C04F79EFBC}") = "Polymorphism", "Polymorphism\Polymorphism.csproj", "{C1D9E6F9-AEE7-4ABF-97CF-6C1867705E24}"
EndProject
Global
	GlobalSection(SolutionConfigurationPlatforms) = preSolution
		Debug|Any CPU = Debug|Any CPU
		Release|Any CPU = Release|Any CPU
	EndGlobalSection
	GlobalSection(ProjectConfigurationPlatforms) = postSolution
		{C1D9E6F9-AEE7-4ABF-97CF-6C1867705E24}.Debug|Any CPU.ActiveCfg = Debug|Any CPU
		{C1D9E6F9-AEE7-4ABF-97CF-6C1867705E24}.Debug|Any CPU.Build.0 = Debug|Any CPU
		{C1D9E6F9-AEE7-4ABF-97CF-6C1867705E24}.Release|Any CPU.ActiveCfg = Release|Any CPU
		{C1D9E6F9-AEE7-4ABF-97CF-6C1867705E24}.Release|Any CPU.Build.0 = Release|Any CPU
	EndGlobalSection
	GlobalSection(SolutionProperties) = preSolution
		HideSolutionNode = FALSE
	EndGlobalSection
	GlobalSection(ExtensibilityGlobals) = postSolution
		SolutionGuid = {980544F6-49E9-49A5-B28F-E576FC7C4A08}
	EndGlobalSection
EndGlobal
