
Microsoft Visual Studio Solution File, Format Version 12.00
# Visual Studio Version 16
VisualStudioVersion = 16.0.29025.244
MinimumVisualStudioVersion = 10.0.40219.1
Project("{FAE04EC0-301F-11D3-BF4B-00C04F79EFBC}") = "Logic", "Logic\Logic.csproj", "{57EF4539-0197-4689-B721-978581CC4687}"
EndProject
Global
	GlobalSection(SolutionConfigurationPlatforms) = preSolution
		Debug|Any CPU = Debug|Any CPU
		Release|Any CPU = Release|Any CPU
	EndGlobalSection
	GlobalSection(ProjectConfigurationPlatforms) = postSolution
		{57EF4539-0197-4689-B721-978581CC4687}.Debug|Any CPU.ActiveCfg = Debug|Any CPU
		{57EF4539-0197-4689-B721-978581CC4687}.Debug|Any CPU.Build.0 = Debug|Any CPU
		{57EF4539-0197-4689-B721-978581CC4687}.Release|Any CPU.ActiveCfg = Release|Any CPU
		{57EF4539-0197-4689-B721-978581CC4687}.Release|Any CPU.Build.0 = Release|Any CPU
	EndGlobalSection
	GlobalSection(SolutionProperties) = preSolution
		HideSolutionNode = FALSE
	EndGlobalSection
	GlobalSection(ExtensibilityGlobals) = postSolution
		SolutionGuid = {1A7BEE2D-B31B-4AFD-A5E6-E88978E08983}
	EndGlobalSection
EndGlobal
