
Microsoft Visual Studio Solution File, Format Version 12.00
# Visual Studio Version 16
VisualStudioVersion = 16.0.29306.81
MinimumVisualStudioVersion = 10.0.40219.1
Project("{FAE04EC0-301F-11D3-BF4B-00C04F79EFBC}") = "TextBoxAndLabel", "TextBoxAndLabel\TextBoxAndLabel.csproj", "{2E242262-B47D-4205-A415-34517D1D7239}"
EndProject
Global
	GlobalSection(SolutionConfigurationPlatforms) = preSolution
		Debug|Any CPU = Debug|Any CPU
		Release|Any CPU = Release|Any CPU
	EndGlobalSection
	GlobalSection(ProjectConfigurationPlatforms) = postSolution
		{2E242262-B47D-4205-A415-34517D1D7239}.Debug|Any CPU.ActiveCfg = Debug|Any CPU
		{2E242262-B47D-4205-A415-34517D1D7239}.Debug|Any CPU.Build.0 = Debug|Any CPU
		{2E242262-B47D-4205-A415-34517D1D7239}.Release|Any CPU.ActiveCfg = Release|Any CPU
		{2E242262-B47D-4205-A415-34517D1D7239}.Release|Any CPU.Build.0 = Release|Any CPU
	EndGlobalSection
	GlobalSection(SolutionProperties) = preSolution
		HideSolutionNode = FALSE
	EndGlobalSection
	GlobalSection(ExtensibilityGlobals) = postSolution
		SolutionGuid = {51DFF41E-CF55-439B-99F5-7319719B17C4}
	EndGlobalSection
EndGlobal
