
Microsoft Visual Studio Solution File, Format Version 12.00
# Visual Studio Version 16
VisualStudioVersion = 16.0.29306.81
MinimumVisualStudioVersion = 10.0.40219.1
Project("{FAE04EC0-301F-11D3-BF4B-00C04F79EFBC}") = "System Dialogs", "System Dialogs\System Dialogs.csproj", "{0BD02674-A47A-4CB5-B655-D1AF9D5623EC}"
EndProject
Global
	GlobalSection(SolutionConfigurationPlatforms) = preSolution
		Debug|Any CPU = Debug|Any CPU
		Release|Any CPU = Release|Any CPU
	EndGlobalSection
	GlobalSection(ProjectConfigurationPlatforms) = postSolution
		{0BD02674-A47A-4CB5-B655-D1AF9D5623EC}.Debug|Any CPU.ActiveCfg = Debug|Any CPU
		{0BD02674-A47A-4CB5-B655-D1AF9D5623EC}.Debug|Any CPU.Build.0 = Debug|Any CPU
		{0BD02674-A47A-4CB5-B655-D1AF9D5623EC}.Release|Any CPU.ActiveCfg = Release|Any CPU
		{0BD02674-A47A-4CB5-B655-D1AF9D5623EC}.Release|Any CPU.Build.0 = Release|Any CPU
	EndGlobalSection
	GlobalSection(SolutionProperties) = preSolution
		HideSolutionNode = FALSE
	EndGlobalSection
	GlobalSection(ExtensibilityGlobals) = postSolution
		SolutionGuid = {DD58698A-776E-4922-836D-76FED9BB077C}
	EndGlobalSection
EndGlobal
