
Microsoft Visual Studio Solution File, Format Version 12.00
# Visual Studio Version 16
VisualStudioVersion = 16.0.29025.244
MinimumVisualStudioVersion = 10.0.40219.1
Project("{FAE04EC0-301F-11D3-BF4B-00C04F79EFBC}") = "Comparison", "Comparison\Comparison.csproj", "{0D541224-BB90-4D2A-BA92-8CE511DE7586}"
EndProject
Global
	GlobalSection(SolutionConfigurationPlatforms) = preSolution
		Debug|Any CPU = Debug|Any CPU
		Release|Any CPU = Release|Any CPU
	EndGlobalSection
	GlobalSection(ProjectConfigurationPlatforms) = postSolution
		{0D541224-BB90-4D2A-BA92-8CE511DE7586}.Debug|Any CPU.ActiveCfg = Debug|Any CPU
		{0D541224-BB90-4D2A-BA92-8CE511DE7586}.Debug|Any CPU.Build.0 = Debug|Any CPU
		{0D541224-BB90-4D2A-BA92-8CE511DE7586}.Release|Any CPU.ActiveCfg = Release|Any CPU
		{0D541224-BB90-4D2A-BA92-8CE511DE7586}.Release|Any CPU.Build.0 = Release|Any CPU
	EndGlobalSection
	GlobalSection(SolutionProperties) = preSolution
		HideSolutionNode = FALSE
	EndGlobalSection
	GlobalSection(ExtensibilityGlobals) = postSolution
		SolutionGuid = {9EA05B06-9309-413F-8C0A-29B15EFFD10F}
	EndGlobalSection
EndGlobal
